hash: 3b6e0c727b15cafadee405302152782657aee83aaf5d3c91dc5f8e553ac8b80b
updated: 2017-06-23T19:33:29.044265771+03:00
imports:
- name: github.com/go-ozzo/ozzo-validation
  version: d1008ad1fd04ceb5faedaf34881df0c504382706
- name: github.com/go-redis/redis
  version: e14976b254c5bc5f399dd0ae9314b1d02a176897
  subpackages:
  - internal
  - internal/consistenthash
  - internal/hashtag
  - internal/pool
  - internal/proto
- name: github.com/gogo/protobuf
  version: efccd33a0c20aa078705571d5ddbfa14c8395a63
  subpackages:
  - gogoproto
  - jsonpb
  - proto
  - protoc-gen-gogo/descriptor
  - sortkeys
  - types
- name: github.com/golang/protobuf
  version: 9f174c986221c608fb5143bd623b6076a71feae3
  subpackages:
  - proto
  - ptypes/any
- name: github.com/grpc-ecosystem/go-grpc-middleware
  version: f63a7dfb64c138bd93d5c5b896d8b33c4b08e000
  subpackages:
  - recovery
  - validator
- name: github.com/mwitkow/go-proto-validators
  version: a55ca57f374a8846924b030f534d8b8211508cf0
- name: github.com/pkg/errors
  version: 645ef00459ed84a119197bfb8d8205042c6df63d
- name: github.com/rs/xid
  version: 02dd45c33376f85d1064355dc790dcc4850596b1
- name: github.com/urfave/cli
  version: 0bdeddeeb0f650497d603c4ad7b20cfe685682f6
- name: go.uber.org/atomic
  version: 4e336646b2ef9fc6e47be8e21594178f98e5ebcf
- name: go.uber.org/zap
  version: 9cabc84638b70e564c3dab2766efcb1ded2aac9f
  subpackages:
  - buffer
  - internal/bufferpool
  - internal/color
  - internal/exit
  - internal/multierror
  - zapcore
- name: go4.org
  version: 034d17a462f7b2dcd1a4a73553ec5357ff6e6c6e
  subpackages:
  - syncutil
- name: golang.org/x/net
  version: 5602c733f70afc6dcec6766be0d5034d4c4f14de
  subpackages:
  - context
  - http2
  - http2/hpack
  - idna
  - internal/timeseries
  - lex/httplex
  - trace
- name: golang.org/x/text
  version: f4b4367115ec2de254587813edaa901bc1c723a8
  subpackages:
  - secure/bidirule
  - transform
  - unicode/bidi
  - unicode/norm
- name: google.golang.org/genproto
  version: d80a6e20e776b0b17a324d0ba1ab50a39c8e8944
  subpackages:
  - googleapis/rpc/status
- name: google.golang.org/grpc
  version: b15215fb911b24a5d61d57feec4233d610530464
  subpackages:
  - codes
  - credentials
  - grpclb/grpc_lb_v1
  - grpclog
  - internal
  - keepalive
  - metadata
  - naming
  - peer
  - stats
  - status
  - tap
  - transport
testImports: []
